
Microsoft Visual Studio Solution File, Format Version 12.00
# Visual Studio 14
VisualStudioVersion = 14.0.25123.0
MinimumVisualStudioVersion = 10.0.40219.1
Project("{FAE04EC0-301F-11D3-BF4B-00C04F79EFBC}") = "DebuggingDemo", "DebuggingDemo\DebuggingDemo.csproj", "{2F56A348-F914-428C-B387-8B222BF58DBE}"
EndProject
Project("{FAE04EC0-301F-11D3-BF4B-00C04F79EFBC}") = "DebuggingDemo.Tests", "DebuggingDemo.Tests\DebuggingDemo.Tests.csproj", "{651D2F74-4FB3-4E5D-947B-D0779E73B961}"
EndProject
Global
	GlobalSection(SolutionConfigurationPlatforms) = preSolution
		Debug|Any CPU = Debug|Any CPU
		Release|Any CPU = Release|Any CPU
	EndGlobalSection
	GlobalSection(ProjectConfigurationPlatforms) = postSolution
		{2F56A348-F914-428C-B387-8B222BF58DBE}.Debug|Any CPU.ActiveCfg = Debug|Any CPU
		{2F56A348-F914-428C-B387-8B222BF58DBE}.Debug|Any CPU.Build.0 = Debug|Any CPU
		{2F56A348-F914-428C-B387-8B222BF58DBE}.Release|Any CPU.ActiveCfg = Release|Any CPU
		{2F56A348-F914-428C-B387-8B222BF58DBE}.Release|Any CPU.Build.0 = Release|Any CPU
		{651D2F74-4FB3-4E5D-947B-D0779E73B961}.Debug|Any CPU.ActiveCfg = Debug|Any CPU
		{651D2F74-4FB3-4E5D-947B-D0779E73B961}.Debug|Any CPU.Build.0 = Debug|Any CPU
		{651D2F74-4FB3-4E5D-947B-D0779E73B961}.Release|Any CPU.ActiveCfg = Release|Any CPU
		{651D2F74-4FB3-4E5D-947B-D0779E73B961}.Release|Any CPU.Build.0 = Release|Any CPU
	EndGlobalSection
	GlobalSection(SolutionProperties) = preSolution
		HideSolutionNode = FALSE
	EndGlobalSection
EndGlobal
